
Microsoft Visual Studio Solution File, Format Version 12.00
# Visual Studio Version 16
VisualStudioVersion = 16.0.34407.143
MinimumVisualStudioVersion = 10.0.40219.1
Project("{FAE04EC0-301F-11D3-BF4B-00C04F79EFBC}") = "GenericsHomework", "GenericsHomework.csproj", "{FE20CD09-3DFF-4123-8348-5A42B20D37DB}"
EndProject
Global
	GlobalSection(SolutionConfigurationPlatforms) = preSolution
		Debug|Any CPU = Debug|Any CPU
		Release|Any CPU = Release|Any CPU
	EndGlobalSection
	GlobalSection(ProjectConfigurationPlatforms) = postSolution
		{FE20CD09-3DFF-4123-8348-5A42B20D37DB}.Debug|Any CPU.ActiveCfg = Debug|Any CPU
		{FE20CD09-3DFF-4123-8348-5A42B20D37DB}.Debug|Any CPU.Build.0 = Debug|Any CPU
		{FE20CD09-3DFF-4123-8348-5A42B20D37DB}.Release|Any CPU.ActiveCfg = Release|Any CPU
		{FE20CD09-3DFF-4123-8348-5A42B20D37DB}.Release|Any CPU.Build.0 = Release|Any CPU
	EndGlobalSection
	GlobalSection(SolutionProperties) = preSolution
		HideSolutionNode = FALSE
	EndGlobalSection
	GlobalSection(ExtensibilityGlobals) = postSolution
		SolutionGuid = {85A743B4-683A-46D7-B8FE-0D7DD9926F65}
	EndGlobalSection
EndGlobal
